// !$*UTF8*$!
{
	archiveVersion = 1;
	classes = {
	};
	objectVersion = 46;
	objects = {

/* Begin PBXBuildFile section */
		06BB3F291D6FD17F00EBD625 /* ReactAudio.m in Sources */ = {isa = PBXBuildFile; fileRef = 06BB3F281D6FD17F00EBD625 /* ReactAudio.m */; };
/* End PBXBuildFile section */

/* Begin PBXCopyFilesBuildPhase section */
		06BB3F161D6FD04300EBD625 /* CopyFiles */ = {
			isa = PBXCopyFilesBuildPhase;
			buildActionMask = 2147483647;
			dstPath = "include/$(PRODUCT_NAME)";
			dstSubfolderSpec = 16;
			files = (
			);
			runOnlyForDeploymentPostprocessing = 0;
		};
/* End PBXCopyFilesBuildPhase section */

/* Begin PBXFileReference section */
		06BB3F181D6FD04300EBD625 /* libReactAudio.a */ = {isa = PBXFileReference; explicitFileType = archive.ar; includeInIndex = 0; path = libReactAudio.a; sourceTree = BUILT_PRODUCTS_DIR; };
		06BB3F271D6FD17F00EBD625 /* ReactAudio.h */ = {isa = PBXFileReference; fileEncoding = 4; lastKnownFileType = sourcecode.c.h; path = ReactAudio.h; sourceTree = "<group>"; };
		06BB3F281D6FD17F00EBD625 /* ReactAudio.m */ = {isa = PBXFileReference; fileEncoding = 4; lastKnownFileType = sourcecode.c.objc; path = ReactAudio.m; sourceTree = "<group>"; };
/* End PBXFileReference section */

/* Begin PBXFrameworksBuildPhase section */
		06BB3F151D6FD04300EBD625 /* Frameworks */ = {
			isa = PBXFrameworksBuildPhase;
			buildActionMask = 2147483647;
			files = (
			);
			runOnlyForDeploymentPostprocessing = 0;
		};
/* End PBXFrameworksBuildPhase section */

/* Begin PBXGroup section */
		06BB3F0F1D6FD04300EBD625 = {
			isa = PBXGroup;
			children = (
				06BB3F1A1D6FD04300EBD625 /* ReactAudio */,
				06BB3F191D6FD04300EBD625 /* Products */,
			);
			sourceTree = "<group>";
		};
		06BB3F191D6FD04300EBD625 /* Products */ = {
			isa = PBXGroup;
			children = (
				06BB3F181D6FD04300EBD625 /* libReactAudio.a */,
			);
			name = Products;
			sourceTree = "<group>";
		};
		06BB3F1A1D6FD04300EBD625 /* ReactAudio */ = {
			isa = PBXGroup;
			children = (
				06BB3F281D6FD17F00EBD625 /* ReactAudio.m */,
				06BB3F271D6FD17F00EBD625 /* ReactAudio.h */,
			);
			path = ReactAudio;
			sourceTree = "<group>";
		};
/* End PBXGroup section */

/* Begin PBXNativeTarget section */
		06BB3F171D6FD04300EBD625 /* ReactAudio */ = {
			isa = PBXNativeTarget;
			buildConfigurationList = 06BB3F211D6FD04300EBD625 /* Build configuration list for PBXNativeTarget "ReactAudio" */;
			buildPhases = (
				06BB3F141D6FD04300EBD625 /* Sources */,
				06BB3F151D6FD04300EBD625 /* Frameworks */,
				06BB3F161D6FD04300EBD625 /* CopyFiles */,
			);
			buildRules = (
			);
			dependencies = (
			);
			name = ReactAudio;
			productName = ReactAudio;
			productReference = 06BB3F181D6FD04300EBD625 /* libReactAudio.a */;
			productType = "com.apple.product-type.library.static";
		};
/* End PBXNativeTarget section */

/* Begin PBXProject section */
		06BB3F101D6FD04300EBD625 /* Project object */ = {
			isa = PBXProject;
			attributes = {
				LastUpgradeCheck = 0800;
				ORGANIZATIONNAME = "Hun Kyo Jung";
				TargetAttributes = {
					06BB3F171D6FD04300EBD625 = {
						CreatedOnToolsVersion = 7.3.1;
					};
				};
			};
			buildConfigurationList = 06BB3F131D6FD04300EBD625 /* Build configuration list for PBXProject "ReactAudio" */;
			compatibilityVersion = "Xcode 3.2";
			developmentRegion = English;
			hasScannedForEncodings = 0;
			knownRegions = (
				en,
			);
			mainGroup = 06BB3F0F1D6FD04300EBD625;
			productRefGroup = 06BB3F191D6FD04300EBD625 /* Products */;
			projectDirPath = "";
			projectRoot = "";
			targets = (
				06BB3F171D6FD04300EBD625 /* ReactAudio */,
			);
		};
/* End PBXProject section */

/* Begin PBXSourcesBuildPhase section */
		06BB3F141D6FD04300EBD625 /* Sources */ = {
			isa = PBXSourcesBuildPhase;
			buildActionMask = 2147483647;
			files = (
				06BB3F291D6FD17F00EBD625 /* ReactAudio.m in Sources */,
			);
			runOnlyForDeploymentPostprocessing = 0;
		};
/* End PBXSourcesBuildPhase section */

/* Begin XCBuildConfiguration section */
		06BB3F1F1D6FD04300EBD625 /* Debug */ = {
			isa = XCBuildConfiguration;
			buildSettings = {
				ALWAYS_SEARCH_USER_PATHS = NO;
				CLANG_ANALYZER_NONNULL = YES;
				CLANG_CXX_LANGUAGE_STANDARD = "gnu++0x";
				CLANG_CXX_LIBRARY = "libc++";
				CLANG_ENABLE_MODULES = YES;
				CLANG_ENABLE_OBJC_ARC = YES;
				CLANG_WARN_BOOL_CONVERSION = YES;
				CLANG_WARN_CONSTANT_CONVERSION = YES;
				CLANG_WARN_DIRECT_OBJC_ISA_USAGE = YES_ERROR;
				CLANG_WARN_EMPTY_BODY = YES;
				CLANG_WARN_ENUM_CONVERSION = YES;
				CLANG_WARN_INFINITE_RECURSION = YES;
				CLANG_WARN_INT_CONVERSION = YES;
				CLANG_WARN_OBJC_ROOT_CLASS = YES_ERROR;
				CLANG_WARN_SUSPICIOUS_MOVE = YES;
				CLANG_WARN_UNREACHABLE_CODE = YES;
				CLANG_WARN__DUPLICATE_METHOD_MATCH = YES;
				"CODE_SIGN_IDENTITY[sdk=iphoneos*]" = "iPhone Developer";
				COPY_PHASE_STRIP = NO;
				DEBUG_INFORMATION_FORMAT = dwarf;
				ENABLE_STRICT_OBJC_MSGSEND = YES;
				ENABLE_TESTABILITY = YES;
				GCC_C_LANGUAGE_STANDARD = gnu99;
				GCC_DYNAMIC_NO_PIC = NO;
				GCC_NO_COMMON_BLOCKS = YES;
				GCC_OPTIMIZATION_LEVEL = 0;
				GCC_PREPROCESSOR_DEFINITIONS = (
					"DEBUG=1",
					"$(inherited)",
				);
				GCC_WARN_64_TO_32_BIT_CONVERSION = YES;
				GCC_WARN_ABOUT_RETURN_TYPE = YES_ERROR;
				GCC_WARN_UNDECLARED_SELECTOR = YES;
				GCC_WARN_UNINITIALIZED_AUTOS = YES_AGGRESSIVE;
				GCC_WARN_UNUSED_FUNCTION = YES;
				GCC_WARN_UNUSED_VARIABLE = YES;
				IPHONEOS_DEPLOYMENT_TARGET = 9.3;
				MTL_ENABLE_DEBUG_INFO = YES;
				ONLY_ACTIVE_ARCH = YES;
				SDKROOT = iphoneos;
			};
			name = Debug;
		};
		06BB3F201D6FD04300EBD625 /* Release */ = {
			isa = XCBuildConfiguration;
			buildSettings = {
				ALWAYS_SEARCH_USER_PATHS = NO;
				CLANG_ANALYZER_NONNULL = YES;
				CLANG_CXX_LANGUAGE_STANDARD = "gnu++0x";
				CLANG_CXX_LIBRARY = "libc++";
				CLANG_ENABLE_MODULES = YES;
				CLANG_ENABLE_OBJC_ARC = YES;
				CLANG_WARN_BOOL_CONVERSION = YES;
				CLANG_WARN_CONSTANT_CONVERSION = YES;
				CLANG_WARN_DIRECT_OBJC_ISA_USAGE = YES_ERROR;
				CLANG_WARN_EMPTY_BODY = YES;
				CLANG_WARN_ENUM_CONVERSION = YES;
				CLANG_WARN_INFINITE_RECURSION = YES;
				CLANG_WARN_INT_CONVERSION = YES;
				CLANG_WARN_OBJC_ROOT_CLASS = YES_ERROR;
				CLANG_WARN_SUSPICIOUS_MOVE = YES;
				CLANG_WARN_UNREACHABLE_CODE = YES;
				CLANG_WARN__DUPLICATE_METHOD_MATCH = YES;
				"CODE_SIGN_IDENTITY[sdk=iphoneos*]" = "iPhone Developer";
				COPY_PHASE_STRIP = NO;
				DEBUG_INFORMATION_FORMAT = "dwarf-with-dsym";
				ENABLE_NS_ASSERTIONS = NO;
				ENABLE_STRICT_OBJC_MSGSEND = YES;
				GCC_C_LANGUAGE_STANDARD = gnu99;
				GCC_NO_COMMON_BLOCKS = YES;
				GCC_WARN_64_TO_32_BIT_CONVERSION = YES;
				GCC_WARN_ABOUT_RETURN_TYPE = YES_ERROR;
				GCC_WARN_UNDECLARED_SELECTOR = YES;
				GCC_WARN_UNINITIALIZED_AUTOS = YES_AGGRESSIVE;
				GCC_WARN_UNUSED_FUNCTION = YES;
				GCC_WARN_UNUSED_VARIABLE = YES;
				IPHONEOS_DEPLOYMENT_TARGET = 9.3;
				MTL_ENABLE_DEBUG_INFO = NO;
				SDKROOT = iphoneos;
				VALIDATE_PRODUCT = YES;
			};
			name = Release;
		};
		06BB3F221D6FD04300EBD625 /* Debug */ = {
			isa = XCBuildConfiguration;
			buildSettings = {
				HEADER_SEARCH_PATHS = (
					"$(SRCROOT)/../node_modules/react-native/React/**",
					"$(SRCROOT)/../../react-native/React/**",
				);
				OTHER_LDFLAGS = "-ObjC";
				PRODUCT_NAME = "$(TARGET_NAME)";
				SKIP_INSTALL = YES;
			};
			name = Debug;
		};
		06BB3F231D6FD04300EBD625 /* Release */ = {
			isa = XCBuildConfiguration;
			buildSettings = {
				HEADER_SEARCH_PATHS = (
					"$(SRCROOT)/../node_modules/react-native/React/**",
					"$(SRCROOT)/../../react-native/React/**",
				);
				OTHER_LDFLAGS = "-ObjC";
				PRODUCT_NAME = "$(TARGET_NAME)";
				SKIP_INSTALL = YES;
			};
			name = Release;
		};
/* End XCBuildConfiguration section */

/* Begin XCConfigurationList section */
		06BB3F131D6FD04300EBD625 /* Build configuration list for PBXProject "ReactAudio" */ = {
			isa = XCConfigurationList;
			buildConfigurations = (
				06BB3F1F1D6FD04300EBD625 /* Debug */,
				06BB3F201D6FD04300EBD625 /* Release */,
			);
			defaultConfigurationIsVisible = 0;
			defaultConfigurationName = Release;
		};
		06BB3F211D6FD04300EBD625 /* Build configuration list for PBXNativeTarget "ReactAudio" */ = {
			isa = XCConfigurationList;
			buildConfigurations = (
				06BB3F221D6FD04300EBD625 /* Debug */,
				06BB3F231D6FD04300EBD625 /* Release */,
			);
			defaultConfigurationIsVisible = 0;
			defaultConfigurationName = Release;
		};
/* End XCConfigurationList section */
	};
	rootObject = 06BB3F101D6FD04300EBD625 /* Project object */;
}
